
Microsoft Visual Studio Solution File, Format Version 12.00
# Visual Studio Version 17
VisualStudioVersion = 17.4.33213.308
MinimumVisualStudioVersion = 10.0.40219.1
Project("{FAE04EC0-301F-11D3-BF4B-00C04F79EFBC}") = "unkown", "unkown\unkown.csproj", "{014471D5-0761-4698-ACB8-D321E27D25BB}"
EndProject
Global
	GlobalSection(SolutionConfigurationPlatforms) = preSolution
		Debug|Any CPU = Debug|Any CPU
		Release|Any CPU = Release|Any CPU
	EndGlobalSection
	GlobalSection(ProjectConfigurationPlatforms) = postSolution
		{014471D5-0761-4698-ACB8-D321E27D25BB}.Debug|Any CPU.ActiveCfg = Debug|Any CPU
		{014471D5-0761-4698-ACB8-D321E27D25BB}.Debug|Any CPU.Build.0 = Debug|Any CPU
		{014471D5-0761-4698-ACB8-D321E27D25BB}.Release|Any CPU.ActiveCfg = Release|Any CPU
		{014471D5-0761-4698-ACB8-D321E27D25BB}.Release|Any CPU.Build.0 = Release|Any CPU
	EndGlobalSection
	GlobalSection(SolutionProperties) = preSolution
		HideSolutionNode = FALSE
	EndGlobalSection
	GlobalSection(ExtensibilityGlobals) = postSolution
		SolutionGuid = {27C106B8-9B86-482E-84D6-A28FD7F13F60}
	EndGlobalSection
EndGlobal
